
Microsoft Visual Studio Solution File, Format Version 12.00
# Visual Studio Version 16
VisualStudioVersion = 16.0.31402.337
MinimumVisualStudioVersion = 10.0.40219.1
Project("{FAE04EC0-301F-11D3-BF4B-00C04F79EFBC}") = "toy_View", "toy_View\toy_View.csproj", "{8DB04C1A-6B64-4433-8E90-6FDDA39CDD6E}"
EndProject
Global
	GlobalSection(SolutionConfigurationPlatforms) = preSolution
		Debug|Any CPU = Debug|Any CPU
		Release|Any CPU = Release|Any CPU
	EndGlobalSection
	GlobalSection(ProjectConfigurationPlatforms) = postSolution
		{8DB04C1A-6B64-4433-8E90-6FDDA39CDD6E}.Debug|Any CPU.ActiveCfg = Debug|Any CPU
		{8DB04C1A-6B64-4433-8E90-6FDDA39CDD6E}.Debug|Any CPU.Build.0 = Debug|Any CPU
		{8DB04C1A-6B64-4433-8E90-6FDDA39CDD6E}.Release|Any CPU.ActiveCfg = Release|Any CPU
		{8DB04C1A-6B64-4433-8E90-6FDDA39CDD6E}.Release|Any CPU.Build.0 = Release|Any CPU
	EndGlobalSection
	GlobalSection(SolutionProperties) = preSolution
		HideSolutionNode = FALSE
	EndGlobalSection
	GlobalSection(ExtensibilityGlobals) = postSolution
		SolutionGuid = {A3EE3E67-ED99-41F9-BF98-45EB3925156A}
	EndGlobalSection
EndGlobal
